
Microsoft Visual Studio Solution File, Format Version 12.00
# Visual Studio Version 16
VisualStudioVersion = 16.0.28803.352
MinimumVisualStudioVersion = 10.0.40219.1
Project("{9A19103F-16F7-4668-BE54-9A1E7A4F7556}") = "document.lib.api", "document.lib.api.csproj", "{22C5211F-94B6-4177-8E38-6B2541D094C0}"
EndProject
Global
	GlobalSection(SolutionConfigurationPlatforms) = preSolution
		Debug|Any CPU = Debug|Any CPU
		Release|Any CPU = Release|Any CPU
	EndGlobalSection
	GlobalSection(ProjectConfigurationPlatforms) = postSolution
		{22C5211F-94B6-4177-8E38-6B2541D094C0}.Debug|Any CPU.ActiveCfg = Debug|Any CPU
		{22C5211F-94B6-4177-8E38-6B2541D094C0}.Debug|Any CPU.Build.0 = Debug|Any CPU
		{22C5211F-94B6-4177-8E38-6B2541D094C0}.Release|Any CPU.ActiveCfg = Release|Any CPU
		{22C5211F-94B6-4177-8E38-6B2541D094C0}.Release|Any CPU.Build.0 = Release|Any CPU
	EndGlobalSection
	GlobalSection(SolutionProperties) = preSolution
		HideSolutionNode = FALSE
	EndGlobalSection
	GlobalSection(ExtensibilityGlobals) = postSolution
		SolutionGuid = {847F0570-5401-4EFE-A0AF-123F049875F1}
	EndGlobalSection
EndGlobal
